// !$*UTF8*$!
{
	archiveVersion = 1;
	classes = {
	};
	objectVersion = 50;
	objects = {

/* Begin PBXBuildFile section */
		18346BB122509E98009E858C /* AppDelegate.swift in Sources */ = {isa = PBXBuildFile; fileRef = 18346BB022509E98009E858C /* AppDelegate.swift */; };
		18346BB622509E98009E858C /* Main.storyboard in Resources */ = {isa = PBXBuildFile; fileRef = 18346BB422509E98009E858C /* Main.storyboard */; };
		18346BB822509E9C009E858C /* Assets.xcassets in Resources */ = {isa = PBXBuildFile; fileRef = 18346BB722509E9C009E858C /* Assets.xcassets */; };
		18346BBB22509E9C009E858C /* LaunchScreen.storyboard in Resources */ = {isa = PBXBuildFile; fileRef = 18346BB922509E9C009E858C /* LaunchScreen.storyboard */; };
		2EF6586A4AEA5E333BFC2C40 /* Pods_TaxiBookingApp.framework in Frameworks */ = {isa = PBXBuildFile; fileRef = D326F843C4D91B614FE90460 /* Pods_TaxiBookingApp.framework */; };
		2F2E790222522473000D645E /* CarCell.swift in Sources */ = {isa = PBXBuildFile; fileRef = 2F2E790122522473000D645E /* CarCell.swift */; };
		2F2E79062252338A000D645E /* CarsList.swift in Sources */ = {isa = PBXBuildFile; fileRef = 2F2E79052252338A000D645E /* CarsList.swift */; };
		2F2E790822523533000D645E /* TaxiHomeVC.swift in Sources */ = {isa = PBXBuildFile; fileRef = 2F2E790722523533000D645E /* TaxiHomeVC.swift */; };
		2F2E790A2252360F000D645E /* TaxiMapView.swift in Sources */ = {isa = PBXBuildFile; fileRef = 2F2E79092252360F000D645E /* TaxiMapView.swift */; };
/* End PBXBuildFile section */

/* Begin PBXFileReference section */
		18346BAD22509E98009E858C /* TaxiBookingApp.app */ = {isa = PBXFileReference; explicitFileType = wrapper.application; includeInIndex = 0; path = TaxiBookingApp.app; sourceTree = BUILT_PRODUCTS_DIR; };
		18346BB022509E98009E858C /* AppDelegate.swift */ = {isa = PBXFileReference; lastKnownFileType = sourcecode.swift; path = AppDelegate.swift; sourceTree = "<group>"; };
		18346BB522509E98009E858C /* Base */ = {isa = PBXFileReference; lastKnownFileType = file.storyboard; name = Base; path = Base.lproj/Main.storyboard; sourceTree = "<group>"; };
		18346BB722509E9C009E858C /* Assets.xcassets */ = {isa = PBXFileReference; lastKnownFileType = folder.assetcatalog; path = Assets.xcassets; sourceTree = "<group>"; };
		18346BBA22509E9C009E858C /* Base */ = {isa = PBXFileReference; lastKnownFileType = file.storyboard; name = Base; path = Base.lproj/LaunchScreen.storyboard; sourceTree = "<group>"; };
		18346BBC22509E9C009E858C /* Info.plist */ = {isa = PBXFileReference; lastKnownFileType = text.plist.xml; path = Info.plist; sourceTree = "<group>"; };
		2F2E790122522473000D645E /* CarCell.swift */ = {isa = PBXFileReference; lastKnownFileType = sourcecode.swift; path = CarCell.swift; sourceTree = "<group>"; };
		2F2E79052252338A000D645E /* CarsList.swift */ = {isa = PBXFileReference; lastKnownFileType = sourcecode.swift; path = CarsList.swift; sourceTree = "<group>"; };
		2F2E790722523533000D645E /* TaxiHomeVC.swift */ = {isa = PBXFileReference; lastKnownFileType = sourcecode.swift; path = TaxiHomeVC.swift; sourceTree = "<group>"; };
		2F2E79092252360F000D645E /* TaxiMapView.swift */ = {isa = PBXFileReference; lastKnownFileType = sourcecode.swift; path = TaxiMapView.swift; sourceTree = "<group>"; };
		40DA616F7D7856C7842AAC5B /* Pods-TaxiBookingApp.debug.xcconfig */ = {isa = PBXFileReference; includeInIndex = 1; lastKnownFileType = text.xcconfig; name = "Pods-TaxiBookingApp.debug.xcconfig"; path = "Pods/Target Support Files/Pods-TaxiBookingApp/Pods-TaxiBookingApp.debug.xcconfig"; sourceTree = "<group>"; };
		84A3D9CC541986C8E658F228 /* Pods-TaxiBookingApp.release.xcconfig */ = {isa = PBXFileReference; includeInIndex = 1; lastKnownFileType = text.xcconfig; name = "Pods-TaxiBookingApp.release.xcconfig"; path = "Pods/Target Support Files/Pods-TaxiBookingApp/Pods-TaxiBookingApp.release.xcconfig"; sourceTree = "<group>"; };
		D326F843C4D91B614FE90460 /* Pods_TaxiBookingApp.framework */ = {isa = PBXFileReference; explicitFileType = wrapper.framework; includeInIndex = 0; path = Pods_TaxiBookingApp.framework; sourceTree = BUILT_PRODUCTS_DIR; };
/* End PBXFileReference section */

/* Begin PBXFrameworksBuildPhase section */
		18346BAA22509E98009E858C /* Frameworks */ = {
			isa = PBXFrameworksBuildPhase;
			buildActionMask = 2147483647;
			files = (
				2EF6586A4AEA5E333BFC2C40 /* Pods_TaxiBookingApp.framework in Frameworks */,
			);
			runOnlyForDeploymentPostprocessing = 0;
		};
/* End PBXFrameworksBuildPhase section */

/* Begin PBXGroup section */
		18346BA422509E98009E858C = {
			isa = PBXGroup;
			children = (
				18346BAF22509E98009E858C /* TaxiBookingApp */,
				18346BAE22509E98009E858C /* Products */,
				E12AE01D0247AA145D53E464 /* Pods */,
				FB8BE235FD40CDB75745EE58 /* Frameworks */,
			);
			sourceTree = "<group>";
		};
		18346BAE22509E98009E858C /* Products */ = {
			isa = PBXGroup;
			children = (
				18346BAD22509E98009E858C /* TaxiBookingApp.app */,
			);
			name = Products;
			sourceTree = "<group>";
		};
		18346BAF22509E98009E858C /* TaxiBookingApp */ = {
			isa = PBXGroup;
			children = (
				18346BB022509E98009E858C /* AppDelegate.swift */,
				2F2E79092252360F000D645E /* TaxiMapView.swift */,
				2F2E790722523533000D645E /* TaxiHomeVC.swift */,
				2F2E79052252338A000D645E /* CarsList.swift */,
				2F2E790122522473000D645E /* CarCell.swift */,
				18346BB422509E98009E858C /* Main.storyboard */,
				18346BB722509E9C009E858C /* Assets.xcassets */,
				18346BB922509E9C009E858C /* LaunchScreen.storyboard */,
				18346BBC22509E9C009E858C /* Info.plist */,
			);
			path = TaxiBookingApp;
			sourceTree = "<group>";
		};
		E12AE01D0247AA145D53E464 /* Pods */ = {
			isa = PBXGroup;
			children = (
				40DA616F7D7856C7842AAC5B /* Pods-TaxiBookingApp.debug.xcconfig */,
				84A3D9CC541986C8E658F228 /* Pods-TaxiBookingApp.release.xcconfig */,
			);
			name = Pods;
			sourceTree = "<group>";
		};
		FB8BE235FD40CDB75745EE58 /* Frameworks */ = {
			isa = PBXGroup;
			children = (
				D326F843C4D91B614FE90460 /* Pods_TaxiBookingApp.framework */,
			);
			name = Frameworks;
			sourceTree = "<group>";
		};
/* End PBXGroup section */

/* Begin PBXNativeTarget section */
		18346BAC22509E98009E858C /* TaxiBookingApp */ = {
			isa = PBXNativeTarget;
			buildConfigurationList = 18346BBF22509E9C009E858C /* Build configuration list for PBXNativeTarget "TaxiBookingApp" */;
			buildPhases = (
				4F1B41391A2EEA7F346A5D1B /* [CP] Check Pods Manifest.lock */,
				18346BA922509E98009E858C /* Sources */,
				18346BAA22509E98009E858C /* Frameworks */,
				18346BAB22509E98009E858C /* Resources */,
				FFB82DE9F719674982CE74FE /* [CP] Copy Pods Resources */,
			);
			buildRules = (
			);
			dependencies = (
			);
			name = TaxiBookingApp;
			productName = TaxiBookingApp;
			productReference = 18346BAD22509E98009E858C /* TaxiBookingApp.app */;
			productType = "com.apple.product-type.application";
		};
/* End PBXNativeTarget section */

/* Begin PBXProject section */
		18346BA522509E98009E858C /* Project object */ = {
			isa = PBXProject;
			attributes = {
				LastSwiftUpdateCheck = 1010;
				LastUpgradeCheck = 1010;
				ORGANIZATIONNAME = Vignesh;
				TargetAttributes = {
					18346BAC22509E98009E858C = {
						CreatedOnToolsVersion = 10.1;
					};
				};
			};
			buildConfigurationList = 18346BA822509E98009E858C /* Build configuration list for PBXProject "TaxiBookingApp" */;
			compatibilityVersion = "Xcode 9.3";
			developmentRegion = en;
			hasScannedForEncodings = 0;
			knownRegions = (
				en,
				Base,
			);
			mainGroup = 18346BA422509E98009E858C;
			productRefGroup = 18346BAE22509E98009E858C /* Products */;
			projectDirPath = "";
			projectRoot = "";
			targets = (
				18346BAC22509E98009E858C /* TaxiBookingApp */,
			);
		};
/* End PBXProject section */

/* Begin PBXResourcesBuildPhase section */
		18346BAB22509E98009E858C /* Resources */ = {
			isa = PBXResourcesBuildPhase;
			buildActionMask = 2147483647;
			files = (
				18346BBB22509E9C009E858C /* LaunchScreen.storyboard in Resources */,
				18346BB822509E9C009E858C /* Assets.xcassets in Resources */,
				18346BB622509E98009E858C /* Main.storyboard in Resources */,
			);
			runOnlyForDeploymentPostprocessing = 0;
		};
/* End PBXResourcesBuildPhase section */

/* Begin PBXShellScriptBuildPhase section */
		4F1B41391A2EEA7F346A5D1B /* [CP] Check Pods Manifest.lock */ = {
			isa = PBXShellScriptBuildPhase;
			buildActionMask = 2147483647;
			files = (
			);
			inputPaths = (
				"${PODS_PODFILE_DIR_PATH}/Podfile.lock",
				"${PODS_ROOT}/Manifest.lock",
			);
			name = "[CP] Check Pods Manifest.lock";
			outputPaths = (
				"$(DERIVED_FILE_DIR)/Pods-TaxiBookingApp-checkManifestLockResult.txt",
			);
			runOnlyForDeploymentPostprocessing = 0;
			shellPath = /bin/sh;
			shellScript = "diff \"${PODS_PODFILE_DIR_PATH}/Podfile.lock\" \"${PODS_ROOT}/Manifest.lock\" > /dev/null\nif [ $? != 0 ] ; then\n    # print error to STDERR\n    echo \"error: The sandbox is not in sync with the Podfile.lock. Run 'pod install' or update your CocoaPods installation.\" >&2\n    exit 1\nfi\n# This output is used by Xcode 'outputs' to avoid re-running this script phase.\necho \"SUCCESS\" > \"${SCRIPT_OUTPUT_FILE_0}\"\n";
			showEnvVarsInLog = 0;
		};
		FFB82DE9F719674982CE74FE /* [CP] Copy Pods Resources */ = {
			isa = PBXShellScriptBuildPhase;
			buildActionMask = 2147483647;
			files = (
			);
			inputPaths = (
				"${SRCROOT}/Pods/Target Support Files/Pods-TaxiBookingApp/Pods-TaxiBookingApp-resources.sh",
				"${PODS_ROOT}/GoogleMaps/Maps/Frameworks/GoogleMaps.framework/Resources/GoogleMaps.bundle",
				"${PODS_ROOT}/GooglePlaces/Frameworks/GooglePlaces.framework/Resources/GooglePlaces.bundle",
			);
			name = "[CP] Copy Pods Resources";
			outputPaths = (
				"${TARGET_BUILD_DIR}/${UNLOCALIZED_RESOURCES_FOLDER_PATH}/GoogleMaps.bundle",
				"${TARGET_BUILD_DIR}/${UNLOCALIZED_RESOURCES_FOLDER_PATH}/GooglePlaces.bundle",
			);
			runOnlyForDeploymentPostprocessing = 0;
			shellPath = /bin/sh;
			shellScript = "\"${SRCROOT}/Pods/Target Support Files/Pods-TaxiBookingApp/Pods-TaxiBookingApp-resources.sh\"\n";
			showEnvVarsInLog = 0;
		};
/* End PBXShellScriptBuildPhase section */

/* Begin PBXSourcesBuildPhase section */
		18346BA922509E98009E858C /* Sources */ = {
			isa = PBXSourcesBuildPhase;
			buildActionMask = 2147483647;
			files = (
				2F2E790222522473000D645E /* CarCell.swift in Sources */,
				2F2E790822523533000D645E /* TaxiHomeVC.swift in Sources */,
				2F2E79062252338A000D645E /* CarsList.swift in Sources */,
				18346BB122509E98009E858C /* AppDelegate.swift in Sources */,
				2F2E790A2252360F000D645E /* TaxiMapView.swift in Sources */,
			);
			runOnlyForDeploymentPostprocessing = 0;
		};
/* End PBXSourcesBuildPhase section */

/* Begin PBXVariantGroup section */
		18346BB422509E98009E858C /* Main.storyboard */ = {
			isa = PBXVariantGroup;
			children = (
				18346BB522509E98009E858C /* Base */,
			);
			name = Main.storyboard;
			sourceTree = "<group>";
		};
		18346BB922509E9C009E858C /* LaunchScreen.storyboard */ = {
			isa = PBXVariantGroup;
			children = (
				18346BBA22509E9C009E858C /* Base */,
			);
			name = LaunchScreen.storyboard;
			sourceTree = "<group>";
		};
/* End PBXVariantGroup section */

/* Begin XCBuildConfiguration section */
		18346BBD22509E9C009E858C /* Debug */ = {
			isa = XCBuildConfiguration;
			buildSettings = {
				ALWAYS_SEARCH_USER_PATHS = NO;
				CLANG_ANALYZER_NONNULL = YES;
				CLANG_ANALYZER_NUMBER_OBJECT_CONVERSION = YES_AGGRESSIVE;
				CLANG_CXX_LANGUAGE_STANDARD = "gnu++14";
				CLANG_CXX_LIBRARY = "libc++";
				CLANG_ENABLE_MODULES = YES;
				CLANG_ENABLE_OBJC_ARC = YES;
				CLANG_ENABLE_OBJC_WEAK = YES;
				CLANG_WARN_BLOCK_CAPTURE_AUTORELEASING = YES;
				CLANG_WARN_BOOL_CONVERSION = YES;
				CLANG_WARN_COMMA = YES;
				CLANG_WARN_CONSTANT_CONVERSION = YES;
				CLANG_WARN_DEPRECATED_OBJC_IMPLEMENTATIONS = YES;
				CLANG_WARN_DIRECT_OBJC_ISA_USAGE = YES_ERROR;
				CLANG_WARN_DOCUMENTATION_COMMENTS = YES;
				CLANG_WARN_EMPTY_BODY = YES;
				CLANG_WARN_ENUM_CONVERSION = YES;
				CLANG_WARN_INFINITE_RECURSION = YES;
				CLANG_WARN_INT_CONVERSION = YES;
				CLANG_WARN_NON_LITERAL_NULL_CONVERSION = YES;
				CLANG_WARN_OBJC_IMPLICIT_RETAIN_SELF = YES;
				CLANG_WARN_OBJC_LITERAL_CONVERSION = YES;
				CLANG_WARN_OBJC_ROOT_CLASS = YES_ERROR;
				CLANG_WARN_RANGE_LOOP_ANALYSIS = YES;
				CLANG_WARN_STRICT_PROTOTYPES = YES;
				CLANG_WARN_SUSPICIOUS_MOVE = YES;
				CLANG_WARN_UNGUARDED_AVAILABILITY = YES_AGGRESSIVE;
				CLANG_WARN_UNREACHABLE_CODE = YES;
				CLANG_WARN__DUPLICATE_METHOD_MATCH = YES;
				CODE_SIGN_IDENTITY = "iPhone Developer";
				COPY_PHASE_STRIP = NO;
				DEBUG_INFORMATION_FORMAT = dwarf;
				ENABLE_STRICT_OBJC_MSGSEND = YES;
				ENABLE_TESTABILITY = YES;
				GCC_C_LANGUAGE_STANDARD = gnu11;
				GCC_DYNAMIC_NO_PIC = NO;
				GCC_NO_COMMON_BLOCKS = YES;
				GCC_OPTIMIZATION_LEVEL = 0;
				GCC_PREPROCESSOR_DEFINITIONS = (
					"DEBUG=1",
					"$(inherited)",
				);
				GCC_WARN_64_TO_32_BIT_CONVERSION = YES;
				GCC_WARN_ABOUT_RETURN_TYPE = YES_ERROR;
				GCC_WARN_UNDECLARED_SELECTOR = YES;
				GCC_WARN_UNINITIALIZED_AUTOS = YES_AGGRESSIVE;
				GCC_WARN_UNUSED_FUNCTION = YES;
				GCC_WARN_UNUSED_VARIABLE = YES;
				IPHONEOS_DEPLOYMENT_TARGET = 12.1;
				MTL_ENABLE_DEBUG_INFO = INCLUDE_SOURCE;
				MTL_FAST_MATH = YES;
				ONLY_ACTIVE_ARCH = YES;
				SDKROOT = iphoneos;
				SWIFT_ACTIVE_COMPILATION_CONDITIONS = DEBUG;
				SWIFT_OPTIMIZATION_LEVEL = "-Onone";
			};
			name = Debug;
		};
		18346BBE22509E9C009E858C /* Release */ = {
			isa = XCBuildConfiguration;
			buildSettings = {
				ALWAYS_SEARCH_USER_PATHS = NO;
				CLANG_ANALYZER_NONNULL = YES;
				CLANG_ANALYZER_NUMBER_OBJECT_CONVERSION = YES_AGGRESSIVE;
				CLANG_CXX_LANGUAGE_STANDARD = "gnu++14";
				CLANG_CXX_LIBRARY = "libc++";
				CLANG_ENABLE_MODULES = YES;
				CLANG_ENABLE_OBJC_ARC = YES;
				CLANG_ENABLE_OBJC_WEAK = YES;
				CLANG_WARN_BLOCK_CAPTURE_AUTORELEASING = YES;
				CLANG_WARN_BOOL_CONVERSION = YES;
				CLANG_WARN_COMMA = YES;
				CLANG_WARN_CONSTANT_CONVERSION = YES;
				CLANG_WARN_DEPRECATED_OBJC_IMPLEMENTATIONS = YES;
				CLANG_WARN_DIRECT_OBJC_ISA_USAGE = YES_ERROR;
				CLANG_WARN_DOCUMENTATION_COMMENTS = YES;
				CLANG_WARN_EMPTY_BODY = YES;
				CLANG_WARN_ENUM_CONVERSION = YES;
				CLANG_WARN_INFINITE_RECURSION = YES;
				CLANG_WARN_INT_CONVERSION = YES;
				CLANG_WARN_NON_LITERAL_NULL_CONVERSION = YES;
				CLANG_WARN_OBJC_IMPLICIT_RETAIN_SELF = YES;
				CLANG_WARN_OBJC_LITERAL_CONVERSION = YES;
				CLANG_WARN_OBJC_ROOT_CLASS = YES_ERROR;
				CLANG_WARN_RANGE_LOOP_ANALYSIS = YES;
				CLANG_WARN_STRICT_PROTOTYPES = YES;
				CLANG_WARN_SUSPICIOUS_MOVE = YES;
				CLANG_WARN_UNGUARDED_AVAILABILITY = YES_AGGRESSIVE;
				CLANG_WARN_UNREACHABLE_CODE = YES;
				CLANG_WARN__DUPLICATE_METHOD_MATCH = YES;
				CODE_SIGN_IDENTITY = "iPhone Developer";
				COPY_PHASE_STRIP = NO;
				DEBUG_INFORMATION_FORMAT = "dwarf-with-dsym";
				ENABLE_NS_ASSERTIONS = NO;
				ENABLE_STRICT_OBJC_MSGSEND = YES;
				GCC_C_LANGUAGE_STANDARD = gnu11;
				GCC_NO_COMMON_BLOCKS = YES;
				GCC_WARN_64_TO_32_BIT_CONVERSION = YES;
				GCC_WARN_ABOUT_RETURN_TYPE = YES_ERROR;
				GCC_WARN_UNDECLARED_SELECTOR = YES;
				GCC_WARN_UNINITIALIZED_AUTOS = YES_AGGRESSIVE;
				GCC_WARN_UNUSED_FUNCTION = YES;
				GCC_WARN_UNUSED_VARIABLE = YES;
				IPHONEOS_DEPLOYMENT_TARGET = 12.1;
				MTL_ENABLE_DEBUG_INFO = NO;
				MTL_FAST_MATH = YES;
				SDKROOT = iphoneos;
				SWIFT_COMPILATION_MODE = wholemodule;
				SWIFT_OPTIMIZATION_LEVEL = "-O";
				VALIDATE_PRODUCT = YES;
			};
			name = Release;
		};
		18346BC022509E9C009E858C /* Debug */ = {
			isa = XCBuildConfiguration;
			baseConfigurationReference = 40DA616F7D7856C7842AAC5B /* Pods-TaxiBookingApp.debug.xcconfig */;
			buildSettings = {
				ASSETCATALOG_COMPILER_APPICON_NAME = AppIcon;
				CODE_SIGN_STYLE = Automatic;
				INFOPLIST_FILE = TaxiBookingApp/Info.plist;
				LD_RUNPATH_SEARCH_PATHS = (
					"$(inherited)",
					"@executable_path/Frameworks",
				);
				PRODUCT_BUNDLE_IDENTIFIER = com.vignesh.TaxiBookingApp;
				PRODUCT_NAME = "$(TARGET_NAME)";
				SWIFT_VERSION = 4.2;
				TARGETED_DEVICE_FAMILY = "1,2";
			};
			name = Debug;
		};
		18346BC122509E9C009E858C /* Release */ = {
			isa = XCBuildConfiguration;
			baseConfigurationReference = 84A3D9CC541986C8E658F228 /* Pods-TaxiBookingApp.release.xcconfig */;
			buildSettings = {
				ASSETCATALOG_COMPILER_APPICON_NAME = AppIcon;
				CODE_SIGN_STYLE = Automatic;
				INFOPLIST_FILE = TaxiBookingApp/Info.plist;
				LD_RUNPATH_SEARCH_PATHS = (
					"$(inherited)",
					"@executable_path/Frameworks",
				);
				PRODUCT_BUNDLE_IDENTIFIER = com.vignesh.TaxiBookingApp;
				PRODUCT_NAME = "$(TARGET_NAME)";
				SWIFT_VERSION = 4.2;
				TARGETED_DEVICE_FAMILY = "1,2";
			};
			name = Release;
		};
/* End XCBuildConfiguration section */

/* Begin XCConfigurationList section */
		18346BA822509E98009E858C /* Build configuration list for PBXProject "TaxiBookingApp" */ = {
			isa = XCConfigurationList;
			buildConfigurations = (
				18346BBD22509E9C009E858C /* Debug */,
				18346BBE22509E9C009E858C /* Release */,
			);
			defaultConfigurationIsVisible = 0;
			defaultConfigurationName = Release;
		};
		18346BBF22509E9C009E858C /* Build configuration list for PBXNativeTarget "TaxiBookingApp" */ = {
			isa = XCConfigurationList;
			buildConfigurations = (
				18346BC022509E9C009E858C /* Debug */,
				18346BC122509E9C009E858C /* Release */,
			);
			defaultConfigurationIsVisible = 0;
			defaultConfigurationName = Release;
		};
/* End XCConfigurationList section */
	};
	rootObject = 18346BA522509E98009E858C /* Project object */;
}
